// !$*UTF8*$!
{
	archiveVersion = 1;
	classes = {
	};
	objectVersion = 50;
	objects = {

/* Begin PBXBuildFile section */
		0516917624E7C5910018C6EF /* AppDelegate.m in Sources */ = {isa = PBXBuildFile; fileRef = 0516917524E7C5910018C6EF /* AppDelegate.m */; };
		0516917924E7C5910018C6EF /* SceneDelegate.m in Sources */ = {isa = PBXBuildFile; fileRef = 0516917824E7C5910018C6EF /* SceneDelegate.m */; };
		0516917C24E7C5910018C6EF /* ViewController.m in Sources */ = {isa = PBXBuildFile; fileRef = 0516917B24E7C5910018C6EF /* ViewController.m */; };
		0516917F24E7C5910018C6EF /* Main.storyboard in Resources */ = {isa = PBXBuildFile; fileRef = 0516917D24E7C5910018C6EF /* Main.storyboard */; };
		0516918124E7C5940018C6EF /* Assets.xcassets in Resources */ = {isa = PBXBuildFile; fileRef = 0516918024E7C5940018C6EF /* Assets.xcassets */; };
		0516918424E7C5940018C6EF /* LaunchScreen.storyboard in Resources */ = {isa = PBXBuildFile; fileRef = 0516918224E7C5940018C6EF /* LaunchScreen.storyboard */; };
		0516918724E7C5940018C6EF /* main.m in Sources */ = {isa = PBXBuildFile; fileRef = 0516918624E7C5940018C6EF /* main.m */; };
		0516919624E7C6A40018C6EF /* LongLegView.m in Sources */ = {isa = PBXBuildFile; fileRef = 0516919024E7C6A40018C6EF /* LongLegView.m */; };
		0516919724E7C6A40018C6EF /* spring.vsh in Resources */ = {isa = PBXBuildFile; fileRef = 0516919124E7C6A40018C6EF /* spring.vsh */; };
		0516919824E7C6A40018C6EF /* LongLegVertexAttribArrayBuffer.m in Sources */ = {isa = PBXBuildFile; fileRef = 0516919224E7C6A40018C6EF /* LongLegVertexAttribArrayBuffer.m */; };
		0516919924E7C6A40018C6EF /* LongLegHelper.m in Sources */ = {isa = PBXBuildFile; fileRef = 0516919424E7C6A40018C6EF /* LongLegHelper.m */; };
		0516919A24E7C6A40018C6EF /* spring.fsh in Resources */ = {isa = PBXBuildFile; fileRef = 0516919524E7C6A40018C6EF /* spring.fsh */; };
		0516919C24E7C7280018C6EF /* ym3.jpg in Resources */ = {isa = PBXBuildFile; fileRef = 0516919B24E7C7280018C6EF /* ym3.jpg */; };
/* End PBXBuildFile section */

/* Begin PBXFileReference section */
		0516917124E7C5910018C6EF /* LongLegDemo.app */ = {isa = PBXFileReference; explicitFileType = wrapper.application; includeInIndex = 0; path = LongLegDemo.app; sourceTree = BUILT_PRODUCTS_DIR; };
		0516917424E7C5910018C6EF /* AppDelegate.h */ = {isa = PBXFileReference; lastKnownFileType = sourcecode.c.h; path = AppDelegate.h; sourceTree = "<group>"; };
		0516917524E7C5910018C6EF /* AppDelegate.m */ = {isa = PBXFileReference; lastKnownFileType = sourcecode.c.objc; path = AppDelegate.m; sourceTree = "<group>"; };
		0516917724E7C5910018C6EF /* SceneDelegate.h */ = {isa = PBXFileReference; lastKnownFileType = sourcecode.c.h; path = SceneDelegate.h; sourceTree = "<group>"; };
		0516917824E7C5910018C6EF /* SceneDelegate.m */ = {isa = PBXFileReference; lastKnownFileType = sourcecode.c.objc; path = SceneDelegate.m; sourceTree = "<group>"; };
		0516917A24E7C5910018C6EF /* ViewController.h */ = {isa = PBXFileReference; lastKnownFileType = sourcecode.c.h; path = ViewController.h; sourceTree = "<group>"; };
		0516917B24E7C5910018C6EF /* ViewController.m */ = {isa = PBXFileReference; lastKnownFileType = sourcecode.c.objc; path = ViewController.m; sourceTree = "<group>"; };
		0516917E24E7C5910018C6EF /* Base */ = {isa = PBXFileReference; lastKnownFileType = file.storyboard; name = Base; path = Base.lproj/Main.storyboard; sourceTree = "<group>"; };
		0516918024E7C5940018C6EF /* Assets.xcassets */ = {isa = PBXFileReference; lastKnownFileType = folder.assetcatalog; path = Assets.xcassets; sourceTree = "<group>"; };
		0516918324E7C5940018C6EF /* Base */ = {isa = PBXFileReference; lastKnownFileType = file.storyboard; name = Base; path = Base.lproj/LaunchScreen.storyboard; sourceTree = "<group>"; };
		0516918524E7C5940018C6EF /* Info.plist */ = {isa = PBXFileReference; lastKnownFileType = text.plist.xml; path = Info.plist; sourceTree = "<group>"; };
		0516918624E7C5940018C6EF /* main.m */ = {isa = PBXFileReference; lastKnownFileType = sourcecode.c.objc; path = main.m; sourceTree = "<group>"; };
		0516918E24E7C6A40018C6EF /* LongLegVertexAttribArrayBuffer.h */ = {isa = PBXFileReference; fileEncoding = 4; lastKnownFileType = sourcecode.c.h; path = LongLegVertexAttribArrayBuffer.h; sourceTree = "<group>"; };
		0516918F24E7C6A40018C6EF /* LongLegHelper.h */ = {isa = PBXFileReference; fileEncoding = 4; lastKnownFileType = sourcecode.c.h; path = LongLegHelper.h; sourceTree = "<group>"; };
		0516919024E7C6A40018C6EF /* LongLegView.m */ = {isa = PBXFileReference; fileEncoding = 4; lastKnownFileType = sourcecode.c.objc; path = LongLegView.m; sourceTree = "<group>"; };
		0516919124E7C6A40018C6EF /* spring.vsh */ = {isa = PBXFileReference; fileEncoding = 4; lastKnownFileType = sourcecode.glsl; path = spring.vsh; sourceTree = "<group>"; };
		0516919224E7C6A40018C6EF /* LongLegVertexAttribArrayBuffer.m */ = {isa = PBXFileReference; fileEncoding = 4; lastKnownFileType = sourcecode.c.objc; path = LongLegVertexAttribArrayBuffer.m; sourceTree = "<group>"; };
		0516919324E7C6A40018C6EF /* LongLegView.h */ = {isa = PBXFileReference; fileEncoding = 4; lastKnownFileType = sourcecode.c.h; path = LongLegView.h; sourceTree = "<group>"; };
		0516919424E7C6A40018C6EF /* LongLegHelper.m */ = {isa = PBXFileReference; fileEncoding = 4; lastKnownFileType = sourcecode.c.objc; path = LongLegHelper.m; sourceTree = "<group>"; };
		0516919524E7C6A40018C6EF /* spring.fsh */ = {isa = PBXFileReference; fileEncoding = 4; lastKnownFileType = sourcecode.glsl; path = spring.fsh; sourceTree = "<group>"; };
		0516919B24E7C7280018C6EF /* ym3.jpg */ = {isa = PBXFileReference; lastKnownFileType = image.jpeg; path = ym3.jpg; sourceTree = "<group>"; };
/* End PBXFileReference section */

/* Begin PBXFrameworksBuildPhase section */
		0516916E24E7C5910018C6EF /* Frameworks */ = {
			isa = PBXFrameworksBuildPhase;
			buildActionMask = 2147483647;
			files = (
			);
			runOnlyForDeploymentPostprocessing = 0;
		};
/* End PBXFrameworksBuildPhase section */

/* Begin PBXGroup section */
		0516916824E7C5900018C6EF = {
			isa = PBXGroup;
			children = (
				0516917324E7C5910018C6EF /* LongLegDemo */,
				0516917224E7C5910018C6EF /* Products */,
			);
			sourceTree = "<group>";
		};
		0516917224E7C5910018C6EF /* Products */ = {
			isa = PBXGroup;
			children = (
				0516917124E7C5910018C6EF /* LongLegDemo.app */,
			);
			name = Products;
			sourceTree = "<group>";
		};
		0516917324E7C5910018C6EF /* LongLegDemo */ = {
			isa = PBXGroup;
			children = (
				0516918D24E7C6A40018C6EF /* LongLegFunction */,
				0516917424E7C5910018C6EF /* AppDelegate.h */,
				0516917524E7C5910018C6EF /* AppDelegate.m */,
				0516917724E7C5910018C6EF /* SceneDelegate.h */,
				0516917824E7C5910018C6EF /* SceneDelegate.m */,
				0516917A24E7C5910018C6EF /* ViewController.h */,
				0516917B24E7C5910018C6EF /* ViewController.m */,
				0516919B24E7C7280018C6EF /* ym3.jpg */,
				0516917D24E7C5910018C6EF /* Main.storyboard */,
				0516918024E7C5940018C6EF /* Assets.xcassets */,
				0516918224E7C5940018C6EF /* LaunchScreen.storyboard */,
				0516918524E7C5940018C6EF /* Info.plist */,
				0516918624E7C5940018C6EF /* main.m */,
			);
			path = LongLegDemo;
			sourceTree = "<group>";
		};
		0516918D24E7C6A40018C6EF /* LongLegFunction */ = {
			isa = PBXGroup;
			children = (
				0516919324E7C6A40018C6EF /* LongLegView.h */,
				0516919024E7C6A40018C6EF /* LongLegView.m */,
				0516918E24E7C6A40018C6EF /* LongLegVertexAttribArrayBuffer.h */,
				0516919224E7C6A40018C6EF /* LongLegVertexAttribArrayBuffer.m */,
				0516918F24E7C6A40018C6EF /* LongLegHelper.h */,
				0516919424E7C6A40018C6EF /* LongLegHelper.m */,
				0516919124E7C6A40018C6EF /* spring.vsh */,
				0516919524E7C6A40018C6EF /* spring.fsh */,
			);
			path = LongLegFunction;
			sourceTree = "<group>";
		};
/* End PBXGroup section */

/* Begin PBXNativeTarget section */
		0516917024E7C5910018C6EF /* LongLegDemo */ = {
			isa = PBXNativeTarget;
			buildConfigurationList = 0516918A24E7C5940018C6EF /* Build configuration list for PBXNativeTarget "LongLegDemo" */;
			buildPhases = (
				0516916D24E7C5910018C6EF /* Sources */,
				0516916E24E7C5910018C6EF /* Frameworks */,
				0516916F24E7C5910018C6EF /* Resources */,
			);
			buildRules = (
			);
			dependencies = (
			);
			name = LongLegDemo;
			productName = LongLegDemo;
			productReference = 0516917124E7C5910018C6EF /* LongLegDemo.app */;
			productType = "com.apple.product-type.application";
		};
/* End PBXNativeTarget section */

/* Begin PBXProject section */
		0516916924E7C5900018C6EF /* Project object */ = {
			isa = PBXProject;
			attributes = {
				LastUpgradeCheck = 1140;
				ORGANIZATIONNAME = CJL;
				TargetAttributes = {
					0516917024E7C5910018C6EF = {
						CreatedOnToolsVersion = 11.4;
					};
				};
			};
			buildConfigurationList = 0516916C24E7C5910018C6EF /* Build configuration list for PBXProject "LongLegDemo" */;
			compatibilityVersion = "Xcode 9.3";
			developmentRegion = en;
			hasScannedForEncodings = 0;
			knownRegions = (
				en,
				Base,
			);
			mainGroup = 0516916824E7C5900018C6EF;
			productRefGroup = 0516917224E7C5910018C6EF /* Products */;
			projectDirPath = "";
			projectRoot = "";
			targets = (
				0516917024E7C5910018C6EF /* LongLegDemo */,
			);
		};
/* End PBXProject section */

/* Begin PBXResourcesBuildPhase section */
		0516916F24E7C5910018C6EF /* Resources */ = {
			isa = PBXResourcesBuildPhase;
			buildActionMask = 2147483647;
			files = (
				0516919724E7C6A40018C6EF /* spring.vsh in Resources */,
				0516918424E7C5940018C6EF /* LaunchScreen.storyboard in Resources */,
				0516918124E7C5940018C6EF /* Assets.xcassets in Resources */,
				0516919C24E7C7280018C6EF /* ym3.jpg in Resources */,
				0516917F24E7C5910018C6EF /* Main.storyboard in Resources */,
				0516919A24E7C6A40018C6EF /* spring.fsh in Resources */,
			);
			runOnlyForDeploymentPostprocessing = 0;
		};
/* End PBXResourcesBuildPhase section */

/* Begin PBXSourcesBuildPhase section */
		0516916D24E7C5910018C6EF /* Sources */ = {
			isa = PBXSourcesBuildPhase;
			buildActionMask = 2147483647;
			files = (
				0516917C24E7C5910018C6EF /* ViewController.m in Sources */,
				0516919624E7C6A40018C6EF /* LongLegView.m in Sources */,
				0516919824E7C6A40018C6EF /* LongLegVertexAttribArrayBuffer.m in Sources */,
				0516917624E7C5910018C6EF /* AppDelegate.m in Sources */,
				0516918724E7C5940018C6EF /* main.m in Sources */,
				0516917924E7C5910018C6EF /* SceneDelegate.m in Sources */,
				0516919924E7C6A40018C6EF /* LongLegHelper.m in Sources */,
			);
			runOnlyForDeploymentPostprocessing = 0;
		};
/* End PBXSourcesBuildPhase section */

/* Begin PBXVariantGroup section */
		0516917D24E7C5910018C6EF /* Main.storyboard */ = {
			isa = PBXVariantGroup;
			children = (
				0516917E24E7C5910018C6EF /* Base */,
			);
			name = Main.storyboard;
			sourceTree = "<group>";
		};
		0516918224E7C5940018C6EF /* LaunchScreen.storyboard */ = {
			isa = PBXVariantGroup;
			children = (
				0516918324E7C5940018C6EF /* Base */,
			);
			name = LaunchScreen.storyboard;
			sourceTree = "<group>";
		};
/* End PBXVariantGroup section */

/* Begin XCBuildConfiguration section */
		0516918824E7C5940018C6EF /* Debug */ = {
			isa = XCBuildConfiguration;
			buildSettings = {
				ALWAYS_SEARCH_USER_PATHS = NO;
				CLANG_ANALYZER_NONNULL = YES;
				CLANG_ANALYZER_NUMBER_OBJECT_CONVERSION = YES_AGGRESSIVE;
				CLANG_CXX_LANGUAGE_STANDARD = "gnu++14";
				CLANG_CXX_LIBRARY = "libc++";
				CLANG_ENABLE_MODULES = YES;
				CLANG_ENABLE_OBJC_ARC = YES;
				CLANG_ENABLE_OBJC_WEAK = YES;
				CLANG_WARN_BLOCK_CAPTURE_AUTORELEASING = YES;
				CLANG_WARN_BOOL_CONVERSION = YES;
				CLANG_WARN_COMMA = YES;
				CLANG_WARN_CONSTANT_CONVERSION = YES;
				CLANG_WARN_DEPRECATED_OBJC_IMPLEMENTATIONS = YES;
				CLANG_WARN_DIRECT_OBJC_ISA_USAGE = YES_ERROR;
				CLANG_WARN_DOCUMENTATION_COMMENTS = YES;
				CLANG_WARN_EMPTY_BODY = YES;
				CLANG_WARN_ENUM_CONVERSION = YES;
				CLANG_WARN_INFINITE_RECURSION = YES;
				CLANG_WARN_INT_CONVERSION = YES;
				CLANG_WARN_NON_LITERAL_NULL_CONVERSION = YES;
				CLANG_WARN_OBJC_IMPLICIT_RETAIN_SELF = YES;
				CLANG_WARN_OBJC_LITERAL_CONVERSION = YES;
				CLANG_WARN_OBJC_ROOT_CLASS = YES_ERROR;
				CLANG_WARN_RANGE_LOOP_ANALYSIS = YES;
				CLANG_WARN_STRICT_PROTOTYPES = YES;
				CLANG_WARN_SUSPICIOUS_MOVE = YES;
				CLANG_WARN_UNGUARDED_AVAILABILITY = YES_AGGRESSIVE;
				CLANG_WARN_UNREACHABLE_CODE = YES;
				CLANG_WARN__DUPLICATE_METHOD_MATCH = YES;
				COPY_PHASE_STRIP = NO;
				DEBUG_INFORMATION_FORMAT = dwarf;
				ENABLE_STRICT_OBJC_MSGSEND = YES;
				ENABLE_TESTABILITY = YES;
				GCC_C_LANGUAGE_STANDARD = gnu11;
				GCC_DYNAMIC_NO_PIC = NO;
				GCC_NO_COMMON_BLOCKS = YES;
				GCC_OPTIMIZATION_LEVEL = 0;
				GCC_PREPROCESSOR_DEFINITIONS = (
					"DEBUG=1",
					"$(inherited)",
				);
				GCC_WARN_64_TO_32_BIT_CONVERSION = YES;
				GCC_WARN_ABOUT_RETURN_TYPE = YES_ERROR;
				GCC_WARN_UNDECLARED_SELECTOR = YES;
				GCC_WARN_UNINITIALIZED_AUTOS = YES_AGGRESSIVE;
				GCC_WARN_UNUSED_FUNCTION = YES;
				GCC_WARN_UNUSED_VARIABLE = YES;
				IPHONEOS_DEPLOYMENT_TARGET = 13.4;
				MTL_ENABLE_DEBUG_INFO = INCLUDE_SOURCE;
				MTL_FAST_MATH = YES;
				ONLY_ACTIVE_ARCH = YES;
				SDKROOT = iphoneos;
			};
			name = Debug;
		};
		0516918924E7C5940018C6EF /* Release */ = {
			isa = XCBuildConfiguration;
			buildSettings = {
				ALWAYS_SEARCH_USER_PATHS = NO;
				CLANG_ANALYZER_NONNULL = YES;
				CLANG_ANALYZER_NUMBER_OBJECT_CONVERSION = YES_AGGRESSIVE;
				CLANG_CXX_LANGUAGE_STANDARD = "gnu++14";
				CLANG_CXX_LIBRARY = "libc++";
				CLANG_ENABLE_MODULES = YES;
				CLANG_ENABLE_OBJC_ARC = YES;
				CLANG_ENABLE_OBJC_WEAK = YES;
				CLANG_WARN_BLOCK_CAPTURE_AUTORELEASING = YES;
				CLANG_WARN_BOOL_CONVERSION = YES;
				CLANG_WARN_COMMA = YES;
				CLANG_WARN_CONSTANT_CONVERSION = YES;
				CLANG_WARN_DEPRECATED_OBJC_IMPLEMENTATIONS = YES;
				CLANG_WARN_DIRECT_OBJC_ISA_USAGE = YES_ERROR;
				CLANG_WARN_DOCUMENTATION_COMMENTS = YES;
				CLANG_WARN_EMPTY_BODY = YES;
				CLANG_WARN_ENUM_CONVERSION = YES;
				CLANG_WARN_INFINITE_RECURSION = YES;
				CLANG_WARN_INT_CONVERSION = YES;
				CLANG_WARN_NON_LITERAL_NULL_CONVERSION = YES;
				CLANG_WARN_OBJC_IMPLICIT_RETAIN_SELF = YES;
				CLANG_WARN_OBJC_LITERAL_CONVERSION = YES;
				CLANG_WARN_OBJC_ROOT_CLASS = YES_ERROR;
				CLANG_WARN_RANGE_LOOP_ANALYSIS = YES;
				CLANG_WARN_STRICT_PROTOTYPES = YES;
				CLANG_WARN_SUSPICIOUS_MOVE = YES;
				CLANG_WARN_UNGUARDED_AVAILABILITY = YES_AGGRESSIVE;
				CLANG_WARN_UNREACHABLE_CODE = YES;
				CLANG_WARN__DUPLICATE_METHOD_MATCH = YES;
				COPY_PHASE_STRIP = NO;
				DEBUG_INFORMATION_FORMAT = "dwarf-with-dsym";
				ENABLE_NS_ASSERTIONS = NO;
				ENABLE_STRICT_OBJC_MSGSEND = YES;
				GCC_C_LANGUAGE_STANDARD = gnu11;
				GCC_NO_COMMON_BLOCKS = YES;
				GCC_WARN_64_TO_32_BIT_CONVERSION = YES;
				GCC_WARN_ABOUT_RETURN_TYPE = YES_ERROR;
				GCC_WARN_UNDECLARED_SELECTOR = YES;
				GCC_WARN_UNINITIALIZED_AUTOS = YES_AGGRESSIVE;
				GCC_WARN_UNUSED_FUNCTION = YES;
				GCC_WARN_UNUSED_VARIABLE = YES;
				IPHONEOS_DEPLOYMENT_TARGET = 13.4;
				MTL_ENABLE_DEBUG_INFO = NO;
				MTL_FAST_MATH = YES;
				SDKROOT = iphoneos;
				VALIDATE_PRODUCT = YES;
			};
			name = Release;
		};
		0516918B24E7C5940018C6EF /* Debug */ = {
			isa = XCBuildConfiguration;
			buildSettings = {
				ASSETCATALOG_COMPILER_APPICON_NAME = AppIcon;
				CODE_SIGN_STYLE = Automatic;
				INFOPLIST_FILE = LongLegDemo/Info.plist;
				LD_RUNPATH_SEARCH_PATHS = (
					"$(inherited)",
					"@executable_path/Frameworks",
				);
				PRODUCT_BUNDLE_IDENTIFIER = com.eb.LongLegDemo;
				PRODUCT_NAME = "$(TARGET_NAME)";
				TARGETED_DEVICE_FAMILY = "1,2";
			};
			name = Debug;
		};
		0516918C24E7C5940018C6EF /* Release */ = {
			isa = XCBuildConfiguration;
			buildSettings = {
				ASSETCATALOG_COMPILER_APPICON_NAME = AppIcon;
				CODE_SIGN_STYLE = Automatic;
				INFOPLIST_FILE = LongLegDemo/Info.plist;
				LD_RUNPATH_SEARCH_PATHS = (
					"$(inherited)",
					"@executable_path/Frameworks",
				);
				PRODUCT_BUNDLE_IDENTIFIER = com.eb.LongLegDemo;
				PRODUCT_NAME = "$(TARGET_NAME)";
				TARGETED_DEVICE_FAMILY = "1,2";
			};
			name = Release;
		};
/* End XCBuildConfiguration section */

/* Begin XCConfigurationList section */
		0516916C24E7C5910018C6EF /* Build configuration list for PBXProject "LongLegDemo" */ = {
			isa = XCConfigurationList;
			buildConfigurations = (
				0516918824E7C5940018C6EF /* Debug */,
				0516918924E7C5940018C6EF /* Release */,
			);
			defaultConfigurationIsVisible = 0;
			defaultConfigurationName = Release;
		};
		0516918A24E7C5940018C6EF /* Build configuration list for PBXNativeTarget "LongLegDemo" */ = {
			isa = XCConfigurationList;
			buildConfigurations = (
				0516918B24E7C5940018C6EF /* Debug */,
				0516918C24E7C5940018C6EF /* Release */,
			);
			defaultConfigurationIsVisible = 0;
			defaultConfigurationName = Release;
		};
/* End XCConfigurationList section */
	};
	rootObject = 0516916924E7C5900018C6EF /* Project object */;
}
