// !$*UTF8*$!
{
	archiveVersion = 1;
	classes = {
	};
	objectVersion = 50;
	objects = {

/* Begin PBXBuildFile section */
		059C719224ED7EEF0005E470 /* AppDelegate.m in Sources */ = {isa = PBXBuildFile; fileRef = 059C719124ED7EEF0005E470 /* AppDelegate.m */; };
		059C719524ED7EEF0005E470 /* SceneDelegate.m in Sources */ = {isa = PBXBuildFile; fileRef = 059C719424ED7EEF0005E470 /* SceneDelegate.m */; };
		059C719824ED7EEF0005E470 /* ViewController.m in Sources */ = {isa = PBXBuildFile; fileRef = 059C719724ED7EEF0005E470 /* ViewController.m */; };
		059C719B24ED7EEF0005E470 /* Main.storyboard in Resources */ = {isa = PBXBuildFile; fileRef = 059C719924ED7EEF0005E470 /* Main.storyboard */; };
		059C719D24ED7EF10005E470 /* Assets.xcassets in Resources */ = {isa = PBXBuildFile; fileRef = 059C719C24ED7EF10005E470 /* Assets.xcassets */; };
		059C71A024ED7EF10005E470 /* LaunchScreen.storyboard in Resources */ = {isa = PBXBuildFile; fileRef = 059C719E24ED7EF10005E470 /* LaunchScreen.storyboard */; };
		059C71A324ED7EF10005E470 /* main.m in Sources */ = {isa = PBXBuildFile; fileRef = 059C71A224ED7EF10005E470 /* main.m */; };
		059C71AB24ED80270005E470 /* CJLRenderer.m in Sources */ = {isa = PBXBuildFile; fileRef = 059C71AA24ED80270005E470 /* CJLRenderer.m */; };
/* End PBXBuildFile section */

/* Begin PBXFileReference section */
		059C718D24ED7EEF0005E470 /* 01_Metal_Hello.app */ = {isa = PBXFileReference; explicitFileType = wrapper.application; includeInIndex = 0; path = 01_Metal_Hello.app; sourceTree = BUILT_PRODUCTS_DIR; };
		059C719024ED7EEF0005E470 /* AppDelegate.h */ = {isa = PBXFileReference; lastKnownFileType = sourcecode.c.h; path = AppDelegate.h; sourceTree = "<group>"; };
		059C719124ED7EEF0005E470 /* AppDelegate.m */ = {isa = PBXFileReference; lastKnownFileType = sourcecode.c.objc; path = AppDelegate.m; sourceTree = "<group>"; };
		059C719324ED7EEF0005E470 /* SceneDelegate.h */ = {isa = PBXFileReference; lastKnownFileType = sourcecode.c.h; path = SceneDelegate.h; sourceTree = "<group>"; };
		059C719424ED7EEF0005E470 /* SceneDelegate.m */ = {isa = PBXFileReference; lastKnownFileType = sourcecode.c.objc; path = SceneDelegate.m; sourceTree = "<group>"; };
		059C719624ED7EEF0005E470 /* ViewController.h */ = {isa = PBXFileReference; lastKnownFileType = sourcecode.c.h; path = ViewController.h; sourceTree = "<group>"; };
		059C719724ED7EEF0005E470 /* ViewController.m */ = {isa = PBXFileReference; lastKnownFileType = sourcecode.c.objc; path = ViewController.m; sourceTree = "<group>"; };
		059C719A24ED7EEF0005E470 /* Base */ = {isa = PBXFileReference; lastKnownFileType = file.storyboard; name = Base; path = Base.lproj/Main.storyboard; sourceTree = "<group>"; };
		059C719C24ED7EF10005E470 /* Assets.xcassets */ = {isa = PBXFileReference; lastKnownFileType = folder.assetcatalog; path = Assets.xcassets; sourceTree = "<group>"; };
		059C719F24ED7EF10005E470 /* Base */ = {isa = PBXFileReference; lastKnownFileType = file.storyboard; name = Base; path = Base.lproj/LaunchScreen.storyboard; sourceTree = "<group>"; };
		059C71A124ED7EF10005E470 /* Info.plist */ = {isa = PBXFileReference; lastKnownFileType = text.plist.xml; path = Info.plist; sourceTree = "<group>"; };
		059C71A224ED7EF10005E470 /* main.m */ = {isa = PBXFileReference; lastKnownFileType = sourcecode.c.objc; path = main.m; sourceTree = "<group>"; };
		059C71A924ED80270005E470 /* CJLRenderer.h */ = {isa = PBXFileReference; lastKnownFileType = sourcecode.c.h; path = CJLRenderer.h; sourceTree = "<group>"; };
		059C71AA24ED80270005E470 /* CJLRenderer.m */ = {isa = PBXFileReference; lastKnownFileType = sourcecode.c.objc; path = CJLRenderer.m; sourceTree = "<group>"; };
/* End PBXFileReference section */

/* Begin PBXFrameworksBuildPhase section */
		059C718A24ED7EEF0005E470 /* Frameworks */ = {
			isa = PBXFrameworksBuildPhase;
			buildActionMask = 2147483647;
			files = (
			);
			runOnlyForDeploymentPostprocessing = 0;
		};
/* End PBXFrameworksBuildPhase section */

/* Begin PBXGroup section */
		059C718424ED7EEF0005E470 = {
			isa = PBXGroup;
			children = (
				059C718F24ED7EEF0005E470 /* 01_Metal_Hello */,
				059C718E24ED7EEF0005E470 /* Products */,
			);
			sourceTree = "<group>";
		};
		059C718E24ED7EEF0005E470 /* Products */ = {
			isa = PBXGroup;
			children = (
				059C718D24ED7EEF0005E470 /* 01_Metal_Hello.app */,
			);
			name = Products;
			sourceTree = "<group>";
		};
		059C718F24ED7EEF0005E470 /* 01_Metal_Hello */ = {
			isa = PBXGroup;
			children = (
				059C719024ED7EEF0005E470 /* AppDelegate.h */,
				059C719124ED7EEF0005E470 /* AppDelegate.m */,
				059C719324ED7EEF0005E470 /* SceneDelegate.h */,
				059C719424ED7EEF0005E470 /* SceneDelegate.m */,
				059C719624ED7EEF0005E470 /* ViewController.h */,
				059C719724ED7EEF0005E470 /* ViewController.m */,
				059C71AC24ED802D0005E470 /* Render */,
				059C719924ED7EEF0005E470 /* Main.storyboard */,
				059C719C24ED7EF10005E470 /* Assets.xcassets */,
				059C719E24ED7EF10005E470 /* LaunchScreen.storyboard */,
				059C71A124ED7EF10005E470 /* Info.plist */,
				059C71A224ED7EF10005E470 /* main.m */,
			);
			path = 01_Metal_Hello;
			sourceTree = "<group>";
		};
		059C71AC24ED802D0005E470 /* Render */ = {
			isa = PBXGroup;
			children = (
				059C71A924ED80270005E470 /* CJLRenderer.h */,
				059C71AA24ED80270005E470 /* CJLRenderer.m */,
			);
			path = Render;
			sourceTree = "<group>";
		};
/* End PBXGroup section */

/* Begin PBXNativeTarget section */
		059C718C24ED7EEF0005E470 /* 01_Metal_Hello */ = {
			isa = PBXNativeTarget;
			buildConfigurationList = 059C71A624ED7EF10005E470 /* Build configuration list for PBXNativeTarget "01_Metal_Hello" */;
			buildPhases = (
				059C718924ED7EEF0005E470 /* Sources */,
				059C718A24ED7EEF0005E470 /* Frameworks */,
				059C718B24ED7EEF0005E470 /* Resources */,
			);
			buildRules = (
			);
			dependencies = (
			);
			name = 01_Metal_Hello;
			productName = 01_Metal_Hello;
			productReference = 059C718D24ED7EEF0005E470 /* 01_Metal_Hello.app */;
			productType = "com.apple.product-type.application";
		};
/* End PBXNativeTarget section */

/* Begin PBXProject section */
		059C718524ED7EEF0005E470 /* Project object */ = {
			isa = PBXProject;
			attributes = {
				LastUpgradeCheck = 1140;
				ORGANIZATIONNAME = CJL;
				TargetAttributes = {
					059C718C24ED7EEF0005E470 = {
						CreatedOnToolsVersion = 11.4;
					};
				};
			};
			buildConfigurationList = 059C718824ED7EEF0005E470 /* Build configuration list for PBXProject "01_Metal_Hello" */;
			compatibilityVersion = "Xcode 9.3";
			developmentRegion = en;
			hasScannedForEncodings = 0;
			knownRegions = (
				en,
				Base,
			);
			mainGroup = 059C718424ED7EEF0005E470;
			productRefGroup = 059C718E24ED7EEF0005E470 /* Products */;
			projectDirPath = "";
			projectRoot = "";
			targets = (
				059C718C24ED7EEF0005E470 /* 01_Metal_Hello */,
			);
		};
/* End PBXProject section */

/* Begin PBXResourcesBuildPhase section */
		059C718B24ED7EEF0005E470 /* Resources */ = {
			isa = PBXResourcesBuildPhase;
			buildActionMask = 2147483647;
			files = (
				059C71A024ED7EF10005E470 /* LaunchScreen.storyboard in Resources */,
				059C719D24ED7EF10005E470 /* Assets.xcassets in Resources */,
				059C719B24ED7EEF0005E470 /* Main.storyboard in Resources */,
			);
			runOnlyForDeploymentPostprocessing = 0;
		};
/* End PBXResourcesBuildPhase section */

/* Begin PBXSourcesBuildPhase section */
		059C718924ED7EEF0005E470 /* Sources */ = {
			isa = PBXSourcesBuildPhase;
			buildActionMask = 2147483647;
			files = (
				059C71AB24ED80270005E470 /* CJLRenderer.m in Sources */,
				059C719824ED7EEF0005E470 /* ViewController.m in Sources */,
				059C719224ED7EEF0005E470 /* AppDelegate.m in Sources */,
				059C71A324ED7EF10005E470 /* main.m in Sources */,
				059C719524ED7EEF0005E470 /* SceneDelegate.m in Sources */,
			);
			runOnlyForDeploymentPostprocessing = 0;
		};
/* End PBXSourcesBuildPhase section */

/* Begin PBXVariantGroup section */
		059C719924ED7EEF0005E470 /* Main.storyboard */ = {
			isa = PBXVariantGroup;
			children = (
				059C719A24ED7EEF0005E470 /* Base */,
			);
			name = Main.storyboard;
			sourceTree = "<group>";
		};
		059C719E24ED7EF10005E470 /* LaunchScreen.storyboard */ = {
			isa = PBXVariantGroup;
			children = (
				059C719F24ED7EF10005E470 /* Base */,
			);
			name = LaunchScreen.storyboard;
			sourceTree = "<group>";
		};
/* End PBXVariantGroup section */

/* Begin XCBuildConfiguration section */
		059C71A424ED7EF10005E470 /* Debug */ = {
			isa = XCBuildConfiguration;
			buildSettings = {
				ALWAYS_SEARCH_USER_PATHS = NO;
				CLANG_ANALYZER_NONNULL = YES;
				CLANG_ANALYZER_NUMBER_OBJECT_CONVERSION = YES_AGGRESSIVE;
				CLANG_CXX_LANGUAGE_STANDARD = "gnu++14";
				CLANG_CXX_LIBRARY = "libc++";
				CLANG_ENABLE_MODULES = YES;
				CLANG_ENABLE_OBJC_ARC = YES;
				CLANG_ENABLE_OBJC_WEAK = YES;
				CLANG_WARN_BLOCK_CAPTURE_AUTORELEASING = YES;
				CLANG_WARN_BOOL_CONVERSION = YES;
				CLANG_WARN_COMMA = YES;
				CLANG_WARN_CONSTANT_CONVERSION = YES;
				CLANG_WARN_DEPRECATED_OBJC_IMPLEMENTATIONS = YES;
				CLANG_WARN_DIRECT_OBJC_ISA_USAGE = YES_ERROR;
				CLANG_WARN_DOCUMENTATION_COMMENTS = YES;
				CLANG_WARN_EMPTY_BODY = YES;
				CLANG_WARN_ENUM_CONVERSION = YES;
				CLANG_WARN_INFINITE_RECURSION = YES;
				CLANG_WARN_INT_CONVERSION = YES;
				CLANG_WARN_NON_LITERAL_NULL_CONVERSION = YES;
				CLANG_WARN_OBJC_IMPLICIT_RETAIN_SELF = YES;
				CLANG_WARN_OBJC_LITERAL_CONVERSION = YES;
				CLANG_WARN_OBJC_ROOT_CLASS = YES_ERROR;
				CLANG_WARN_RANGE_LOOP_ANALYSIS = YES;
				CLANG_WARN_STRICT_PROTOTYPES = YES;
				CLANG_WARN_SUSPICIOUS_MOVE = YES;
				CLANG_WARN_UNGUARDED_AVAILABILITY = YES_AGGRESSIVE;
				CLANG_WARN_UNREACHABLE_CODE = YES;
				CLANG_WARN__DUPLICATE_METHOD_MATCH = YES;
				COPY_PHASE_STRIP = NO;
				DEBUG_INFORMATION_FORMAT = dwarf;
				ENABLE_STRICT_OBJC_MSGSEND = YES;
				ENABLE_TESTABILITY = YES;
				GCC_C_LANGUAGE_STANDARD = gnu11;
				GCC_DYNAMIC_NO_PIC = NO;
				GCC_NO_COMMON_BLOCKS = YES;
				GCC_OPTIMIZATION_LEVEL = 0;
				GCC_PREPROCESSOR_DEFINITIONS = (
					"DEBUG=1",
					"$(inherited)",
				);
				GCC_WARN_64_TO_32_BIT_CONVERSION = YES;
				GCC_WARN_ABOUT_RETURN_TYPE = YES_ERROR;
				GCC_WARN_UNDECLARED_SELECTOR = YES;
				GCC_WARN_UNINITIALIZED_AUTOS = YES_AGGRESSIVE;
				GCC_WARN_UNUSED_FUNCTION = YES;
				GCC_WARN_UNUSED_VARIABLE = YES;
				IPHONEOS_DEPLOYMENT_TARGET = 13.4;
				MTL_ENABLE_DEBUG_INFO = INCLUDE_SOURCE;
				MTL_FAST_MATH = YES;
				ONLY_ACTIVE_ARCH = YES;
				SDKROOT = iphoneos;
			};
			name = Debug;
		};
		059C71A524ED7EF10005E470 /* Release */ = {
			isa = XCBuildConfiguration;
			buildSettings = {
				ALWAYS_SEARCH_USER_PATHS = NO;
				CLANG_ANALYZER_NONNULL = YES;
				CLANG_ANALYZER_NUMBER_OBJECT_CONVERSION = YES_AGGRESSIVE;
				CLANG_CXX_LANGUAGE_STANDARD = "gnu++14";
				CLANG_CXX_LIBRARY = "libc++";
				CLANG_ENABLE_MODULES = YES;
				CLANG_ENABLE_OBJC_ARC = YES;
				CLANG_ENABLE_OBJC_WEAK = YES;
				CLANG_WARN_BLOCK_CAPTURE_AUTORELEASING = YES;
				CLANG_WARN_BOOL_CONVERSION = YES;
				CLANG_WARN_COMMA = YES;
				CLANG_WARN_CONSTANT_CONVERSION = YES;
				CLANG_WARN_DEPRECATED_OBJC_IMPLEMENTATIONS = YES;
				CLANG_WARN_DIRECT_OBJC_ISA_USAGE = YES_ERROR;
				CLANG_WARN_DOCUMENTATION_COMMENTS = YES;
				CLANG_WARN_EMPTY_BODY = YES;
				CLANG_WARN_ENUM_CONVERSION = YES;
				CLANG_WARN_INFINITE_RECURSION = YES;
				CLANG_WARN_INT_CONVERSION = YES;
				CLANG_WARN_NON_LITERAL_NULL_CONVERSION = YES;
				CLANG_WARN_OBJC_IMPLICIT_RETAIN_SELF = YES;
				CLANG_WARN_OBJC_LITERAL_CONVERSION = YES;
				CLANG_WARN_OBJC_ROOT_CLASS = YES_ERROR;
				CLANG_WARN_RANGE_LOOP_ANALYSIS = YES;
				CLANG_WARN_STRICT_PROTOTYPES = YES;
				CLANG_WARN_SUSPICIOUS_MOVE = YES;
				CLANG_WARN_UNGUARDED_AVAILABILITY = YES_AGGRESSIVE;
				CLANG_WARN_UNREACHABLE_CODE = YES;
				CLANG_WARN__DUPLICATE_METHOD_MATCH = YES;
				COPY_PHASE_STRIP = NO;
				DEBUG_INFORMATION_FORMAT = "dwarf-with-dsym";
				ENABLE_NS_ASSERTIONS = NO;
				ENABLE_STRICT_OBJC_MSGSEND = YES;
				GCC_C_LANGUAGE_STANDARD = gnu11;
				GCC_NO_COMMON_BLOCKS = YES;
				GCC_WARN_64_TO_32_BIT_CONVERSION = YES;
				GCC_WARN_ABOUT_RETURN_TYPE = YES_ERROR;
				GCC_WARN_UNDECLARED_SELECTOR = YES;
				GCC_WARN_UNINITIALIZED_AUTOS = YES_AGGRESSIVE;
				GCC_WARN_UNUSED_FUNCTION = YES;
				GCC_WARN_UNUSED_VARIABLE = YES;
				IPHONEOS_DEPLOYMENT_TARGET = 13.4;
				MTL_ENABLE_DEBUG_INFO = NO;
				MTL_FAST_MATH = YES;
				SDKROOT = iphoneos;
				VALIDATE_PRODUCT = YES;
			};
			name = Release;
		};
		059C71A724ED7EF10005E470 /* Debug */ = {
			isa = XCBuildConfiguration;
			buildSettings = {
				ASSETCATALOG_COMPILER_APPICON_NAME = AppIcon;
				CODE_SIGN_STYLE = Automatic;
				DEVELOPMENT_TEAM = EEC49VMBA9;
				INFOPLIST_FILE = 01_Metal_Hello/Info.plist;
				IPHONEOS_DEPLOYMENT_TARGET = 10.0;
				LD_RUNPATH_SEARCH_PATHS = (
					"$(inherited)",
					"@executable_path/Frameworks",
				);
				PRODUCT_BUNDLE_IDENTIFIER = "com.eb.-1-Metal-Hello";
				PRODUCT_NAME = "$(TARGET_NAME)";
				TARGETED_DEVICE_FAMILY = "1,2";
			};
			name = Debug;
		};
		059C71A824ED7EF10005E470 /* Release */ = {
			isa = XCBuildConfiguration;
			buildSettings = {
				ASSETCATALOG_COMPILER_APPICON_NAME = AppIcon;
				CODE_SIGN_STYLE = Automatic;
				DEVELOPMENT_TEAM = EEC49VMBA9;
				INFOPLIST_FILE = 01_Metal_Hello/Info.plist;
				IPHONEOS_DEPLOYMENT_TARGET = 10.0;
				LD_RUNPATH_SEARCH_PATHS = (
					"$(inherited)",
					"@executable_path/Frameworks",
				);
				PRODUCT_BUNDLE_IDENTIFIER = "com.eb.-1-Metal-Hello";
				PRODUCT_NAME = "$(TARGET_NAME)";
				TARGETED_DEVICE_FAMILY = "1,2";
			};
			name = Release;
		};
/* End XCBuildConfiguration section */

/* Begin XCConfigurationList section */
		059C718824ED7EEF0005E470 /* Build configuration list for PBXProject "01_Metal_Hello" */ = {
			isa = XCConfigurationList;
			buildConfigurations = (
				059C71A424ED7EF10005E470 /* Debug */,
				059C71A524ED7EF10005E470 /* Release */,
			);
			defaultConfigurationIsVisible = 0;
			defaultConfigurationName = Release;
		};
		059C71A624ED7EF10005E470 /* Build configuration list for PBXNativeTarget "01_Metal_Hello" */ = {
			isa = XCConfigurationList;
			buildConfigurations = (
				059C71A724ED7EF10005E470 /* Debug */,
				059C71A824ED7EF10005E470 /* Release */,
			);
			defaultConfigurationIsVisible = 0;
			defaultConfigurationName = Release;
		};
/* End XCConfigurationList section */
	};
	rootObject = 059C718524ED7EEF0005E470 /* Project object */;
}
